github.com/mhr3/veloz v0.2.1-0.20260803071955-e01f736adf9a h1:b0sy5IzwZiwsE9c3YkibjB6SjhTBIVH57cWWsxKJa3o=
github.com/mhr3/veloz v0.2.1-0.20260803071955-e01f736adf9a/go.mod h1:rK+48M+LjxbQ5UfVaSoKfCY0nI3piSE6Oxi3qGXDzLA=
github.com/petar-dambovaliev/aho-corasick v0.0.0-20250424160509-463d218d4745 h1:Vpr4VgAizEgEZsaMohpw6JYDP+i9Of9dmdY4ufNP6HI=
github.com/petar-dambovaliev/aho-corasick v0.0.0-20250424160509-463d218d4745/go.mod h1:EHPiTAKtiFmrMldLUNswFwfZ2eJIYBHktdaUTZxYWRw=
github.com/segmentio/asm v1.2.1 h1:DTNbBqs57ioxAD4PrArqftgypG4/qNpXoJx8TVXxPR0=
github.com/segmentio/asm v1.2.1/go.mod h1:BqMnlJP91P8d+4ibuonYZw9mfnzI9HfxselHZr5aAcs=
golang.org/x/sys v0.0.0-20220412211240-33da011f77ad h1:ntjMns5wyP/fN65tdBD4g8J5w8n015+iIIs9rtjXkY0=
golang.org/x/sys v0.0.0-20220412211240-33da011f77ad/go.mod h1:oPkhp1MJrh7nUepCBck5+mAzfO9JrbApNNgaTdGDITg=
